
Microsoft Visual Studio Solution File, Format Version 12.00
# Visual Studio Version 17
VisualStudioVersion = 17.8.34525.116
MinimumVisualStudioVersion = 10.0.40219.1
Project("{FAE04EC0-301F-11D3-BF4B-00C04F79EFBC}") = "LoginForm", "LoginForm\LoginForm.csproj", "{BCF9E5A4-26A1-42C8-9DA6-B1349C82B694}"
EndProject
Global
	GlobalSection(SolutionConfigurationPlatforms) = preSolution
		Debug|Any CPU = Debug|Any CPU
		Release|Any CPU = Release|Any CPU
	EndGlobalSection
	GlobalSection(ProjectConfigurationPlatforms) = postSolution
		{BCF9E5A4-26A1-42C8-9DA6-B1349C82B694}.Debug|Any CPU.ActiveCfg = Debug|Any CPU
		{BCF9E5A4-26A1-42C8-9DA6-B1349C82B694}.Debug|Any CPU.Build.0 = Debug|Any CPU
		{BCF9E5A4-26A1-42C8-9DA6-B1349C82B694}.Release|Any CPU.ActiveCfg = Release|Any CPU
		{BCF9E5A4-26A1-42C8-9DA6-B1349C82B694}.Release|Any CPU.Build.0 = Release|Any CPU
	EndGlobalSection
	GlobalSection(SolutionProperties) = preSolution
		HideSolutionNode = FALSE
	EndGlobalSection
	GlobalSection(ExtensibilityGlobals) = postSolution
		SolutionGuid = {EE741ECF-23C3-4ECB-B78D-D98E0C0E6CE2}
	EndGlobalSection
EndGlobal
